
Microsoft Visual Studio Solution File, Format Version 12.00
# Visual Studio 15
VisualStudioVersion = 15.0.28010.2036
MinimumVisualStudioVersion = 10.0.40219.1
Project("{FAE04EC0-301F-11D3-BF4B-00C04F79EFBC}") = "BlackjackGame", "BlackjackGame\BlackjackGame.csproj", "{D81925A9-2030-44EB-8F32-7A65C9D1980B}"
	ProjectSection(ProjectDependencies) = postProject
		{3D07CF00-564A-4DFD-A890-A4A411BCC93B} = {3D07CF00-564A-4DFD-A890-A4A411BCC93B}
	EndProjectSection
EndProject
Project("{9A19103F-16F7-4668-BE54-9A1E7A4F7556}") = "GameHandler", "Game\GameHandler.csproj", "{3D07CF00-564A-4DFD-A890-A4A411BCC93B}"
EndProject
Project("{FAE04EC0-301F-11D3-BF4B-00C04F79EFBC}") = "Persistence", "Persistence\Persistence.csproj", "{A7EB7742-EB7E-4DED-825B-B7A9F2136CF1}"
EndProject
Global
	GlobalSection(SolutionConfigurationPlatforms) = preSolution
		Debug|Any CPU = Debug|Any CPU
		Release|Any CPU = Release|Any CPU
	EndGlobalSection
	GlobalSection(ProjectConfigurationPlatforms) = postSolution
		{D81925A9-2030-44EB-8F32-7A65C9D1980B}.Debug|Any CPU.ActiveCfg = Debug|Any CPU
		{D81925A9-2030-44EB-8F32-7A65C9D1980B}.Debug|Any CPU.Build.0 = Debug|Any CPU
		{D81925A9-2030-44EB-8F32-7A65C9D1980B}.Release|Any CPU.ActiveCfg = Release|Any CPU
		{D81925A9-2030-44EB-8F32-7A65C9D1980B}.Release|Any CPU.Build.0 = Release|Any CPU
		{3D07CF00-564A-4DFD-A890-A4A411BCC93B}.Debug|Any CPU.ActiveCfg = Debug|Any CPU
		{3D07CF00-564A-4DFD-A890-A4A411BCC93B}.Debug|Any CPU.Build.0 = Debug|Any CPU
		{3D07CF00-564A-4DFD-A890-A4A411BCC93B}.Release|Any CPU.ActiveCfg = Release|Any CPU
		{3D07CF00-564A-4DFD-A890-A4A411BCC93B}.Release|Any CPU.Build.0 = Release|Any CPU
		{A7EB7742-EB7E-4DED-825B-B7A9F2136CF1}.Debug|Any CPU.ActiveCfg = Debug|Any CPU
		{A7EB7742-EB7E-4DED-825B-B7A9F2136CF1}.Debug|Any CPU.Build.0 = Debug|Any CPU
		{A7EB7742-EB7E-4DED-825B-B7A9F2136CF1}.Release|Any CPU.ActiveCfg = Release|Any CPU
		{A7EB7742-EB7E-4DED-825B-B7A9F2136CF1}.Release|Any CPU.Build.0 = Release|Any CPU
	EndGlobalSection
	GlobalSection(SolutionProperties) = preSolution
		HideSolutionNode = FALSE
	EndGlobalSection
	GlobalSection(ExtensibilityGlobals) = postSolution
		SolutionGuid = {94301F1C-7817-4F38-9389-69BCC80EF408}
	EndGlobalSection
EndGlobal
